
Microsoft Visual Studio Solution File, Format Version 12.00
# Visual Studio 15
VisualStudioVersion = 15.0.26403.7
MinimumVisualStudioVersion = 10.0.40219.1
Project("{FAE04EC0-301F-11D3-BF4B-00C04F79EFBC}") = "TwoCities.App", "TwoCities.App\TwoCities.App.csproj", "{253D39B2-F07B-4824-B671-D2A6F0DDB3D1}"
EndProject
Project("{2150E333-8FDC-42A3-9474-1A3956D46DE8}") = "src", "src", "{6DB7D742-E9B7-4D5F-9DE1-6F17162546B5}"
EndProject
Project("{2150E333-8FDC-42A3-9474-1A3956D46DE8}") = "test", "test", "{99AE95F6-0F19-4BF9-8609-BF3790FE810B}"
EndProject
Project("{9A19103F-16F7-4668-BE54-9A1E7A4F7556}") = "TwoCities.Tests", "..\test\TwoCities.Tests\TwoCities.Tests.csproj", "{603A7128-58E3-4981-88FC-7CE59F9B42BC}"
EndProject
Project("{9A19103F-16F7-4668-BE54-9A1E7A4F7556}") = "TwoCities.ConsoleApp", "TwoCities.ConsoleApp\TwoCities.ConsoleApp.csproj", "{A6F0BB39-1E4D-40C6-8C08-C28FFA898BF6}"
EndProject
Project("{9A19103F-16F7-4668-BE54-9A1E7A4F7556}") = "TwoCities.Core", "TwoCities.Core\TwoCities.Core.csproj", "{D1DF590D-667C-42CA-8617-079623578AA4}"
EndProject
Global
	GlobalSection(SolutionConfigurationPlatforms) = preSolution
		Debug|Any CPU = Debug|Any CPU
		Debug|ARM = Debug|ARM
		Debug|x64 = Debug|x64
		Debug|x86 = Debug|x86
		Release|Any CPU = Release|Any CPU
		Release|ARM = Release|ARM
		Release|x64 = Release|x64
		Release|x86 = Release|x86
	EndGlobalSection
	GlobalSection(ProjectConfigurationPlatforms) = postSolution
		{253D39B2-F07B-4824-B671-D2A6F0DDB3D1}.Debug|Any CPU.ActiveCfg = Debug|x86
		{253D39B2-F07B-4824-B671-D2A6F0DDB3D1}.Debug|ARM.ActiveCfg = Debug|ARM
		{253D39B2-F07B-4824-B671-D2A6F0DDB3D1}.Debug|ARM.Build.0 = Debug|ARM
		{253D39B2-F07B-4824-B671-D2A6F0DDB3D1}.Debug|ARM.Deploy.0 = Debug|ARM
		{253D39B2-F07B-4824-B671-D2A6F0DDB3D1}.Debug|x64.ActiveCfg = Debug|x64
		{253D39B2-F07B-4824-B671-D2A6F0DDB3D1}.Debug|x64.Build.0 = Debug|x64
		{253D39B2-F07B-4824-B671-D2A6F0DDB3D1}.Debug|x64.Deploy.0 = Debug|x64
		{253D39B2-F07B-4824-B671-D2A6F0DDB3D1}.Debug|x86.ActiveCfg = Debug|x86
		{253D39B2-F07B-4824-B671-D2A6F0DDB3D1}.Debug|x86.Build.0 = Debug|x86
		{253D39B2-F07B-4824-B671-D2A6F0DDB3D1}.Debug|x86.Deploy.0 = Debug|x86
		{253D39B2-F07B-4824-B671-D2A6F0DDB3D1}.Release|Any CPU.ActiveCfg = Release|x86
		{253D39B2-F07B-4824-B671-D2A6F0DDB3D1}.Release|ARM.ActiveCfg = Release|ARM
		{253D39B2-F07B-4824-B671-D2A6F0DDB3D1}.Release|ARM.Build.0 = Release|ARM
		{253D39B2-F07B-4824-B671-D2A6F0DDB3D1}.Release|ARM.Deploy.0 = Release|ARM
		{253D39B2-F07B-4824-B671-D2A6F0DDB3D1}.Release|x64.ActiveCfg = Release|x64
		{253D39B2-F07B-4824-B671-D2A6F0DDB3D1}.Release|x64.Build.0 = Release|x64
		{253D39B2-F07B-4824-B671-D2A6F0DDB3D1}.Release|x64.Deploy.0 = Release|x64
		{253D39B2-F07B-4824-B671-D2A6F0DDB3D1}.Release|x86.ActiveCfg = Release|x86
		{253D39B2-F07B-4824-B671-D2A6F0DDB3D1}.Release|x86.Build.0 = Release|x86
		{253D39B2-F07B-4824-B671-D2A6F0DDB3D1}.Release|x86.Deploy.0 = Release|x86
		{603A7128-58E3-4981-88FC-7CE59F9B42BC}.Debug|Any CPU.ActiveCfg = Debug|Any CPU
		{603A7128-58E3-4981-88FC-7CE59F9B42BC}.Debug|Any CPU.Build.0 = Debug|Any CPU
		{603A7128-58E3-4981-88FC-7CE59F9B42BC}.Debug|ARM.ActiveCfg = Debug|Any CPU
		{603A7128-58E3-4981-88FC-7CE59F9B42BC}.Debug|ARM.Build.0 = Debug|Any CPU
		{603A7128-58E3-4981-88FC-7CE59F9B42BC}.Debug|x64.ActiveCfg = Debug|Any CPU
		{603A7128-58E3-4981-88FC-7CE59F9B42BC}.Debug|x64.Build.0 = Debug|Any CPU
		{603A7128-58E3-4981-88FC-7CE59F9B42BC}.Debug|x86.ActiveCfg = Debug|Any CPU
		{603A7128-58E3-4981-88FC-7CE59F9B42BC}.Debug|x86.Build.0 = Debug|Any CPU
		{603A7128-58E3-4981-88FC-7CE59F9B42BC}.Release|Any CPU.ActiveCfg = Release|Any CPU
		{603A7128-58E3-4981-88FC-7CE59F9B42BC}.Release|Any CPU.Build.0 = Release|Any CPU
		{603A7128-58E3-4981-88FC-7CE59F9B42BC}.Release|ARM.ActiveCfg = Release|Any CPU
		{603A7128-58E3-4981-88FC-7CE59F9B42BC}.Release|ARM.Build.0 = Release|Any CPU
		{603A7128-58E3-4981-88FC-7CE59F9B42BC}.Release|x64.ActiveCfg = Release|Any CPU
		{603A7128-58E3-4981-88FC-7CE59F9B42BC}.Release|x64.Build.0 = Release|Any CPU
		{603A7128-58E3-4981-88FC-7CE59F9B42BC}.Release|x86.ActiveCfg = Release|Any CPU
		{603A7128-58E3-4981-88FC-7CE59F9B42BC}.Release|x86.Build.0 = Release|Any CPU
		{A6F0BB39-1E4D-40C6-8C08-C28FFA898BF6}.Debug|Any CPU.ActiveCfg = Debug|Any CPU
		{A6F0BB39-1E4D-40C6-8C08-C28FFA898BF6}.Debug|Any CPU.Build.0 = Debug|Any CPU
		{A6F0BB39-1E4D-40C6-8C08-C28FFA898BF6}.Debug|ARM.ActiveCfg = Debug|Any CPU
		{A6F0BB39-1E4D-40C6-8C08-C28FFA898BF6}.Debug|ARM.Build.0 = Debug|Any CPU
		{A6F0BB39-1E4D-40C6-8C08-C28FFA898BF6}.Debug|x64.ActiveCfg = Debug|Any CPU
		{A6F0BB39-1E4D-40C6-8C08-C28FFA898BF6}.Debug|x64.Build.0 = Debug|Any CPU
		{A6F0BB39-1E4D-40C6-8C08-C28FFA898BF6}.Debug|x86.ActiveCfg = Debug|Any CPU
		{A6F0BB39-1E4D-40C6-8C08-C28FFA898BF6}.Debug|x86.Build.0 = Debug|Any CPU
		{A6F0BB39-1E4D-40C6-8C08-C28FFA898BF6}.Release|Any CPU.ActiveCfg = Release|Any CPU
		{A6F0BB39-1E4D-40C6-8C08-C28FFA898BF6}.Release|Any CPU.Build.0 = Release|Any CPU
		{A6F0BB39-1E4D-40C6-8C08-C28FFA898BF6}.Release|ARM.ActiveCfg = Release|Any CPU
		{A6F0BB39-1E4D-40C6-8C08-C28FFA898BF6}.Release|ARM.Build.0 = Release|Any CPU
		{A6F0BB39-1E4D-40C6-8C08-C28FFA898BF6}.Release|x64.ActiveCfg = Release|Any CPU
		{A6F0BB39-1E4D-40C6-8C08-C28FFA898BF6}.Release|x64.Build.0 = Release|Any CPU
		{A6F0BB39-1E4D-40C6-8C08-C28FFA898BF6}.Release|x86.ActiveCfg = Release|Any CPU
		{A6F0BB39-1E4D-40C6-8C08-C28FFA898BF6}.Release|x86.Build.0 = Release|Any CPU
		{D1DF590D-667C-42CA-8617-079623578AA4}.Debug|Any CPU.ActiveCfg = Debug|Any CPU
		{D1DF590D-667C-42CA-8617-079623578AA4}.Debug|Any CPU.Build.0 = Debug|Any CPU
		{D1DF590D-667C-42CA-8617-079623578AA4}.Debug|ARM.ActiveCfg = Debug|Any CPU
		{D1DF590D-667C-42CA-8617-079623578AA4}.Debug|ARM.Build.0 = Debug|Any CPU
		{D1DF590D-667C-42CA-8617-079623578AA4}.Debug|x64.ActiveCfg = Debug|Any CPU
		{D1DF590D-667C-42CA-8617-079623578AA4}.Debug|x64.Build.0 = Debug|Any CPU
		{D1DF590D-667C-42CA-8617-079623578AA4}.Debug|x86.ActiveCfg = Debug|Any CPU
		{D1DF590D-667C-42CA-8617-079623578AA4}.Debug|x86.Build.0 = Debug|Any CPU
		{D1DF590D-667C-42CA-8617-079623578AA4}.Release|Any CPU.ActiveCfg = Release|Any CPU
		{D1DF590D-667C-42CA-8617-079623578AA4}.Release|Any CPU.Build.0 = Release|Any CPU
		{D1DF590D-667C-42CA-8617-079623578AA4}.Release|ARM.ActiveCfg = Release|Any CPU
		{D1DF590D-667C-42CA-8617-079623578AA4}.Release|ARM.Build.0 = Release|Any CPU
		{D1DF590D-667C-42CA-8617-079623578AA4}.Release|x64.ActiveCfg = Release|Any CPU
		{D1DF590D-667C-42CA-8617-079623578AA4}.Release|x64.Build.0 = Release|Any CPU
		{D1DF590D-667C-42CA-8617-079623578AA4}.Release|x86.ActiveCfg = Release|Any CPU
		{D1DF590D-667C-42CA-8617-079623578AA4}.Release|x86.Build.0 = Release|Any CPU
	EndGlobalSection
	GlobalSection(SolutionProperties) = preSolution
		HideSolutionNode = FALSE
	EndGlobalSection
	GlobalSection(NestedProjects) = preSolution
		{253D39B2-F07B-4824-B671-D2A6F0DDB3D1} = {6DB7D742-E9B7-4D5F-9DE1-6F17162546B5}
		{603A7128-58E3-4981-88FC-7CE59F9B42BC} = {99AE95F6-0F19-4BF9-8609-BF3790FE810B}
		{A6F0BB39-1E4D-40C6-8C08-C28FFA898BF6} = {6DB7D742-E9B7-4D5F-9DE1-6F17162546B5}
		{D1DF590D-667C-42CA-8617-079623578AA4} = {6DB7D742-E9B7-4D5F-9DE1-6F17162546B5}
	EndGlobalSection
	GlobalSection(CodealikeProperties) = postSolution
		SolutionGuid = 16aeddb4-79ae-4b00-821b-57a64af8ef82
	EndGlobalSection
EndGlobal
